
Microsoft Visual Studio Solution File, Format Version 12.00
# Visual Studio Version 16
VisualStudioVersion = 16.0.31729.503
MinimumVisualStudioVersion = 10.0.40219.1
Project("{FAE04EC0-301F-11D3-BF4B-00C04F79EFBC}") = "pg6", "pg6\pg6.csproj", "{17220C04-B857-45B4-B648-E2CC2EC12B52}"
EndProject
Global
	GlobalSection(SolutionConfigurationPlatforms) = preSolution
		Debug|Any CPU = Debug|Any CPU
		Release|Any CPU = Release|Any CPU
	EndGlobalSection
	GlobalSection(ProjectConfigurationPlatforms) = postSolution
		{17220C04-B857-45B4-B648-E2CC2EC12B52}.Debug|Any CPU.ActiveCfg = Debug|Any CPU
		{17220C04-B857-45B4-B648-E2CC2EC12B52}.Debug|Any CPU.Build.0 = Debug|Any CPU
		{17220C04-B857-45B4-B648-E2CC2EC12B52}.Release|Any CPU.ActiveCfg = Release|Any CPU
		{17220C04-B857-45B4-B648-E2CC2EC12B52}.Release|Any CPU.Build.0 = Release|Any CPU
	EndGlobalSection
	GlobalSection(SolutionProperties) = preSolution
		HideSolutionNode = FALSE
	EndGlobalSection
	GlobalSection(ExtensibilityGlobals) = postSolution
		SolutionGuid = {C31B379C-35BF-495B-9E62-D36C45A28F04}
	EndGlobalSection
EndGlobal
